
Microsoft Visual Studio Solution File, Format Version 12.00
# Visual Studio Version 17
VisualStudioVersion = 17.10.35013.160
MinimumVisualStudioVersion = 10.0.40219.1
Project("{FAE04EC0-301F-11D3-BF4B-00C04F79EFBC}") = "DartPlusAPI", "DartPlusAPI.csproj", "{EC1C83C5-72B1-47FB-A9D9-C9CE80C21EF5}"
EndProject
Global
	GlobalSection(SolutionConfigurationPlatforms) = preSolution
		Debug|Any CPU = Debug|Any CPU
		Release|Any CPU = Release|Any CPU
	EndGlobalSection
	GlobalSection(ProjectConfigurationPlatforms) = postSolution
		{EC1C83C5-72B1-47FB-A9D9-C9CE80C21EF5}.Debug|Any CPU.ActiveCfg = Debug|Any CPU
		{EC1C83C5-72B1-47FB-A9D9-C9CE80C21EF5}.Debug|Any CPU.Build.0 = Debug|Any CPU
		{EC1C83C5-72B1-47FB-A9D9-C9CE80C21EF5}.Release|Any CPU.ActiveCfg = Release|Any CPU
		{EC1C83C5-72B1-47FB-A9D9-C9CE80C21EF5}.Release|Any CPU.Build.0 = Release|Any CPU
	EndGlobalSection
	GlobalSection(SolutionProperties) = preSolution
		HideSolutionNode = FALSE
	EndGlobalSection
	GlobalSection(ExtensibilityGlobals) = postSolution
		SolutionGuid = {CFE22101-B6B7-48F7-8D9C-F0086FDBB332}
	EndGlobalSection
EndGlobal
